{
  "name": "Electron_JS",
  "lockfileVersion": 3,
  "requires": true,
  "packages": {
    "": {
      "dependencies": {
        "chrome-extensions-api": "^1.0.1"
      }
    },
    "node_modules/chrome-extensions-api": {
      "version": "1.0.1",
      "resolved": "https://registry.npmjs.org/chrome-extensions-api/-/chrome-extensions-api-1.0.1.tgz",
      "integrity": "sha512-qK9jGpG/vHXCdYwEvufDBKhk3RGadY33OG+/AY7fF3F04ASK/xu6logG8j0PzToF9TFzz0nyYntq/Dpzv9dGag=="
    }
  }
}
